// !$*UTF8*$!
{
	archiveVersion = 1;
	classes = {
	};
	objectVersion = 51;
	objects = {

/* Begin PBXBuildFile section */
		88991B20D400C1612338EEF9 /* Pods_LoginTest.framework in Frameworks */ = {isa = PBXBuildFile; fileRef = 2A544351ED951CD4E0148CFB /* Pods_LoginTest.framework */; };
		B60232F9235E30DB00980F7A /* GoogleService-Info.plist in Resources */ = {isa = PBXBuildFile; fileRef = B60232F8235E30DB00980F7A /* GoogleService-Info.plist */; };
		B6749C67234E8EB900AB51A0 /* AppDelegate.swift in Sources */ = {isa = PBXBuildFile; fileRef = B6749C66234E8EB900AB51A0 /* AppDelegate.swift */; };
		B6749C69234E8EB900AB51A0 /* ViewController.swift in Sources */ = {isa = PBXBuildFile; fileRef = B6749C68234E8EB900AB51A0 /* ViewController.swift */; };
		B6749C6C234E8EB900AB51A0 /* Main.storyboard in Resources */ = {isa = PBXBuildFile; fileRef = B6749C6A234E8EB900AB51A0 /* Main.storyboard */; };
		B6749C6E234E8EBC00AB51A0 /* Assets.xcassets in Resources */ = {isa = PBXBuildFile; fileRef = B6749C6D234E8EBC00AB51A0 /* Assets.xcassets */; };
		B6749C71234E8EBC00AB51A0 /* LaunchScreen.storyboard in Resources */ = {isa = PBXBuildFile; fileRef = B6749C6F234E8EBC00AB51A0 /* LaunchScreen.storyboard */; };
		B6749C7A234EA3AD00AB51A0 /* RoundButton.swift in Sources */ = {isa = PBXBuildFile; fileRef = B6749C79234EA3AD00AB51A0 /* RoundButton.swift */; };
		B6749C7C234EB5DF00AB51A0 /* DesignableUITextField.swift in Sources */ = {isa = PBXBuildFile; fileRef = B6749C7B234EB5DF00AB51A0 /* DesignableUITextField.swift */; };
/* End PBXBuildFile section */

/* Begin PBXFileReference section */
		2A544351ED951CD4E0148CFB /* Pods_LoginTest.framework */ = {isa = PBXFileReference; explicitFileType = wrapper.framework; includeInIndex = 0; path = Pods_LoginTest.framework; sourceTree = BUILT_PRODUCTS_DIR; };
		A2EE00FA24BDA9CD2016D674 /* Pods-LoginTest.release.xcconfig */ = {isa = PBXFileReference; includeInIndex = 1; lastKnownFileType = text.xcconfig; name = "Pods-LoginTest.release.xcconfig"; path = "Target Support Files/Pods-LoginTest/Pods-LoginTest.release.xcconfig"; sourceTree = "<group>"; };
		B60232F8235E30DB00980F7A /* GoogleService-Info.plist */ = {isa = PBXFileReference; fileEncoding = 4; lastKnownFileType = text.plist.xml; name = "GoogleService-Info.plist"; path = "../../../../Downloads/GoogleService-Info.plist"; sourceTree = "<group>"; };
		B6749C63234E8EB900AB51A0 /* LoginTest.app */ = {isa = PBXFileReference; explicitFileType = wrapper.application; includeInIndex = 0; path = LoginTest.app; sourceTree = BUILT_PRODUCTS_DIR; };
		B6749C66234E8EB900AB51A0 /* AppDelegate.swift */ = {isa = PBXFileReference; lastKnownFileType = sourcecode.swift; path = AppDelegate.swift; sourceTree = "<group>"; };
		B6749C68234E8EB900AB51A0 /* ViewController.swift */ = {isa = PBXFileReference; lastKnownFileType = sourcecode.swift; path = ViewController.swift; sourceTree = "<group>"; };
		B6749C6B234E8EB900AB51A0 /* Base */ = {isa = PBXFileReference; lastKnownFileType = file.storyboard; name = Base; path = Base.lproj/Main.storyboard; sourceTree = "<group>"; };
		B6749C6D234E8EBC00AB51A0 /* Assets.xcassets */ = {isa = PBXFileReference; lastKnownFileType = folder.assetcatalog; path = Assets.xcassets; sourceTree = "<group>"; };
		B6749C70234E8EBC00AB51A0 /* Base */ = {isa = PBXFileReference; lastKnownFileType = file.storyboard; name = Base; path = Base.lproj/LaunchScreen.storyboard; sourceTree = "<group>"; };
		B6749C72234E8EBC00AB51A0 /* Info.plist */ = {isa = PBXFileReference; lastKnownFileType = text.plist.xml; path = Info.plist; sourceTree = "<group>"; };
		B6749C79234EA3AD00AB51A0 /* RoundButton.swift */ = {isa = PBXFileReference; lastKnownFileType = sourcecode.swift; path = RoundButton.swift; sourceTree = "<group>"; };
		B6749C7B234EB5DF00AB51A0 /* DesignableUITextField.swift */ = {isa = PBXFileReference; lastKnownFileType = sourcecode.swift; path = DesignableUITextField.swift; sourceTree = "<group>"; };
		F128E0E64FABECFE4B9797D5 /* Pods-LoginTest.debug.xcconfig */ = {isa = PBXFileReference; includeInIndex = 1; lastKnownFileType = text.xcconfig; name = "Pods-LoginTest.debug.xcconfig"; path = "Target Support Files/Pods-LoginTest/Pods-LoginTest.debug.xcconfig"; sourceTree = "<group>"; };
/* End PBXFileReference section */

/* Begin PBXFrameworksBuildPhase section */
		B6749C60234E8EB900AB51A0 /* Frameworks */ = {
			isa = PBXFrameworksBuildPhase;
			buildActionMask = 2147483647;
			files = (
				88991B20D400C1612338EEF9 /* Pods_LoginTest.framework in Frameworks */,
			);
			runOnlyForDeploymentPostprocessing = 0;
		};
/* End PBXFrameworksBuildPhase section */

/* Begin PBXGroup section */
		927208CDA4A1A322CA233AC0 /* Frameworks */ = {
			isa = PBXGroup;
			children = (
				2A544351ED951CD4E0148CFB /* Pods_LoginTest.framework */,
			);
			name = Frameworks;
			sourceTree = "<group>";
		};
		B6749C5A234E8EB900AB51A0 = {
			isa = PBXGroup;
			children = (
				B6749C65234E8EB900AB51A0 /* LoginTest */,
				B6749C64234E8EB900AB51A0 /* Products */,
				BBECAE3E378FE7730ADB6F9C /* Pods */,
				927208CDA4A1A322CA233AC0 /* Frameworks */,
			);
			sourceTree = "<group>";
		};
		B6749C64234E8EB900AB51A0 /* Products */ = {
			isa = PBXGroup;
			children = (
				B6749C63234E8EB900AB51A0 /* LoginTest.app */,
			);
			name = Products;
			sourceTree = "<group>";
		};
		B6749C65234E8EB900AB51A0 /* LoginTest */ = {
			isa = PBXGroup;
			children = (
				B60232F8235E30DB00980F7A /* GoogleService-Info.plist */,
				B6749C78234EA39300AB51A0 /* View */,
				B6749C66234E8EB900AB51A0 /* AppDelegate.swift */,
				B6749C68234E8EB900AB51A0 /* ViewController.swift */,
				B6749C6A234E8EB900AB51A0 /* Main.storyboard */,
				B6749C6D234E8EBC00AB51A0 /* Assets.xcassets */,
				B6749C6F234E8EBC00AB51A0 /* LaunchScreen.storyboard */,
				B6749C72234E8EBC00AB51A0 /* Info.plist */,
			);
			path = LoginTest;
			sourceTree = "<group>";
		};
		B6749C78234EA39300AB51A0 /* View */ = {
			isa = PBXGroup;
			children = (
				B6749C79234EA3AD00AB51A0 /* RoundButton.swift */,
				B6749C7B234EB5DF00AB51A0 /* DesignableUITextField.swift */,
			);
			path = View;
			sourceTree = "<group>";
		};
		BBECAE3E378FE7730ADB6F9C /* Pods */ = {
			isa = PBXGroup;
			children = (
				F128E0E64FABECFE4B9797D5 /* Pods-LoginTest.debug.xcconfig */,
				A2EE00FA24BDA9CD2016D674 /* Pods-LoginTest.release.xcconfig */,
			);
			path = Pods;
			sourceTree = "<group>";
		};
/* End PBXGroup section */

/* Begin PBXNativeTarget section */
		B6749C62234E8EB900AB51A0 /* LoginTest */ = {
			isa = PBXNativeTarget;
			buildConfigurationList = B6749C75234E8EBC00AB51A0 /* Build configuration list for PBXNativeTarget "LoginTest" */;
			buildPhases = (
				34C2CAF317F6F49228C98AC6 /* [CP] Check Pods Manifest.lock */,
				B6749C5F234E8EB900AB51A0 /* Sources */,
				B6749C60234E8EB900AB51A0 /* Frameworks */,
				B6749C61234E8EB900AB51A0 /* Resources */,
				0E5D701E52C5DCB2E56C361E /* [CP] Embed Pods Frameworks */,
				A61991085ADE46658853A0B0 /* [CP] Copy Pods Resources */,
			);
			buildRules = (
			);
			dependencies = (
			);
			name = LoginTest;
			productName = LoginTest;
			productReference = B6749C63234E8EB900AB51A0 /* LoginTest.app */;
			productType = "com.apple.product-type.application";
		};
/* End PBXNativeTarget section */

/* Begin PBXProject section */
		B6749C5B234E8EB900AB51A0 /* Project object */ = {
			isa = PBXProject;
			attributes = {
				LastSwiftUpdateCheck = 1020;
				LastUpgradeCheck = 1020;
				ORGANIZATIONNAME = "Ememobong Akpanekpo";
				TargetAttributes = {
					B6749C62234E8EB900AB51A0 = {
						CreatedOnToolsVersion = 10.2.1;
					};
				};
			};
			buildConfigurationList = B6749C5E234E8EB900AB51A0 /* Build configuration list for PBXProject "LoginTest" */;
			compatibilityVersion = "Xcode 9.3";
			developmentRegion = en;
			hasScannedForEncodings = 0;
			knownRegions = (
				en,
				Base,
			);
			mainGroup = B6749C5A234E8EB900AB51A0;
			productRefGroup = B6749C64234E8EB900AB51A0 /* Products */;
			projectDirPath = "";
			projectRoot = "";
			targets = (
				B6749C62234E8EB900AB51A0 /* LoginTest */,
			);
		};
/* End PBXProject section */

/* Begin PBXResourcesBuildPhase section */
		B6749C61234E8EB900AB51A0 /* Resources */ = {
			isa = PBXResourcesBuildPhase;
			buildActionMask = 2147483647;
			files = (
				B6749C71234E8EBC00AB51A0 /* LaunchScreen.storyboard in Resources */,
				B60232F9235E30DB00980F7A /* GoogleService-Info.plist in Resources */,
				B6749C6E234E8EBC00AB51A0 /* Assets.xcassets in Resources */,
				B6749C6C234E8EB900AB51A0 /* Main.storyboard in Resources */,
			);
			runOnlyForDeploymentPostprocessing = 0;
		};
/* End PBXResourcesBuildPhase section */

/* Begin PBXShellScriptBuildPhase section */
		0E5D701E52C5DCB2E56C361E /* [CP] Embed Pods Frameworks */ = {
			isa = PBXShellScriptBuildPhase;
			buildActionMask = 2147483647;
			files = (
			);
			inputFileListPaths = (
				"${PODS_ROOT}/Target Support Files/Pods-LoginTest/Pods-LoginTest-frameworks-${CONFIGURATION}-input-files.xcfilelist",
			);
			name = "[CP] Embed Pods Frameworks";
			outputFileListPaths = (
				"${PODS_ROOT}/Target Support Files/Pods-LoginTest/Pods-LoginTest-frameworks-${CONFIGURATION}-output-files.xcfilelist",
			);
			runOnlyForDeploymentPostprocessing = 0;
			shellPath = /bin/sh;
			shellScript = "\"${PODS_ROOT}/Target Support Files/Pods-LoginTest/Pods-LoginTest-frameworks.sh\"\n";
			showEnvVarsInLog = 0;
		};
		34C2CAF317F6F49228C98AC6 /* [CP] Check Pods Manifest.lock */ = {
			isa = PBXShellScriptBuildPhase;
			buildActionMask = 2147483647;
			files = (
			);
			inputFileListPaths = (
			);
			inputPaths = (
				"${PODS_PODFILE_DIR_PATH}/Podfile.lock",
				"${PODS_ROOT}/Manifest.lock",
			);
			name = "[CP] Check Pods Manifest.lock";
			outputFileListPaths = (
			);
			outputPaths = (
				"$(DERIVED_FILE_DIR)/Pods-LoginTest-checkManifestLockResult.txt",
			);
			runOnlyForDeploymentPostprocessing = 0;
			shellPath = /bin/sh;
			shellScript = "diff \"${PODS_PODFILE_DIR_PATH}/Podfile.lock\" \"${PODS_ROOT}/Manifest.lock\" > /dev/null\nif [ $? != 0 ] ; then\n    # print error to STDERR\n    echo \"error: The sandbox is not in sync with the Podfile.lock. Run 'pod install' or update your CocoaPods installation.\" >&2\n    exit 1\nfi\n# This output is used by Xcode 'outputs' to avoid re-running this script phase.\necho \"SUCCESS\" > \"${SCRIPT_OUTPUT_FILE_0}\"\n";
			showEnvVarsInLog = 0;
		};
		A61991085ADE46658853A0B0 /* [CP] Copy Pods Resources */ = {
			isa = PBXShellScriptBuildPhase;
			buildActionMask = 2147483647;
			files = (
			);
			inputFileListPaths = (
				"${PODS_ROOT}/Target Support Files/Pods-LoginTest/Pods-LoginTest-resources-${CONFIGURATION}-input-files.xcfilelist",
			);
			name = "[CP] Copy Pods Resources";
			outputFileListPaths = (
				"${PODS_ROOT}/Target Support Files/Pods-LoginTest/Pods-LoginTest-resources-${CONFIGURATION}-output-files.xcfilelist",
			);
			runOnlyForDeploymentPostprocessing = 0;
			shellPath = /bin/sh;
			shellScript = "\"${PODS_ROOT}/Target Support Files/Pods-LoginTest/Pods-LoginTest-resources.sh\"\n";
			showEnvVarsInLog = 0;
		};
/* End PBXShellScriptBuildPhase section */

/* Begin PBXSourcesBuildPhase section */
		B6749C5F234E8EB900AB51A0 /* Sources */ = {
			isa = PBXSourcesBuildPhase;
			buildActionMask = 2147483647;
			files = (
				B6749C7A234EA3AD00AB51A0 /* RoundButton.swift in Sources */,
				B6749C69234E8EB900AB51A0 /* ViewController.swift in Sources */,
				B6749C67234E8EB900AB51A0 /* AppDelegate.swift in Sources */,
				B6749C7C234EB5DF00AB51A0 /* DesignableUITextField.swift in Sources */,
			);
			runOnlyForDeploymentPostprocessing = 0;
		};
/* End PBXSourcesBuildPhase section */

/* Begin PBXVariantGroup section */
		B6749C6A234E8EB900AB51A0 /* Main.storyboard */ = {
			isa = PBXVariantGroup;
			children = (
				B6749C6B234E8EB900AB51A0 /* Base */,
			);
			name = Main.storyboard;
			sourceTree = "<group>";
		};
		B6749C6F234E8EBC00AB51A0 /* LaunchScreen.storyboard */ = {
			isa = PBXVariantGroup;
			children = (
				B6749C70234E8EBC00AB51A0 /* Base */,
			);
			name = LaunchScreen.storyboard;
			sourceTree = "<group>";
		};
/* End PBXVariantGroup section */

/* Begin XCBuildConfiguration section */
		B6749C73234E8EBC00AB51A0 /* Debug */ = {
			isa = XCBuildConfiguration;
			buildSettings = {
				ALWAYS_SEARCH_USER_PATHS = NO;
				CLANG_ANALYZER_NONNULL = YES;
				CLANG_ANALYZER_NUMBER_OBJECT_CONVERSION = YES_AGGRESSIVE;
				CLANG_CXX_LANGUAGE_STANDARD = "gnu++14";
				CLANG_CXX_LIBRARY = "libc++";
				CLANG_ENABLE_MODULES = YES;
				CLANG_ENABLE_OBJC_ARC = YES;
				CLANG_ENABLE_OBJC_WEAK = YES;
				CLANG_WARN_BLOCK_CAPTURE_AUTORELEASING = YES;
				CLANG_WARN_BOOL_CONVERSION = YES;
				CLANG_WARN_COMMA = YES;
				CLANG_WARN_CONSTANT_CONVERSION = YES;
				CLANG_WARN_DEPRECATED_OBJC_IMPLEMENTATIONS = YES;
				CLANG_WARN_DIRECT_OBJC_ISA_USAGE = YES_ERROR;
				CLANG_WARN_DOCUMENTATION_COMMENTS = YES;
				CLANG_WARN_EMPTY_BODY = YES;
				CLANG_WARN_ENUM_CONVERSION = YES;
				CLANG_WARN_INFINITE_RECURSION = YES;
				CLANG_WARN_INT_CONVERSION = YES;
				CLANG_WARN_NON_LITERAL_NULL_CONVERSION = YES;
				CLANG_WARN_OBJC_IMPLICIT_RETAIN_SELF = YES;
				CLANG_WARN_OBJC_LITERAL_CONVERSION = YES;
				CLANG_WARN_OBJC_ROOT_CLASS = YES_ERROR;
				CLANG_WARN_RANGE_LOOP_ANALYSIS = YES;
				CLANG_WARN_STRICT_PROTOTYPES = YES;
				CLANG_WARN_SUSPICIOUS_MOVE = YES;
				CLANG_WARN_UNGUARDED_AVAILABILITY = YES_AGGRESSIVE;
				CLANG_WARN_UNREACHABLE_CODE = YES;
				CLANG_WARN__DUPLICATE_METHOD_MATCH = YES;
				CODE_SIGN_IDENTITY = "iPhone Developer";
				COPY_PHASE_STRIP = NO;
				DEBUG_INFORMATION_FORMAT = dwarf;
				ENABLE_STRICT_OBJC_MSGSEND = YES;
				ENABLE_TESTABILITY = YES;
				GCC_C_LANGUAGE_STANDARD = gnu11;
				GCC_DYNAMIC_NO_PIC = NO;
				GCC_NO_COMMON_BLOCKS = YES;
				GCC_OPTIMIZATION_LEVEL = 0;
				GCC_PREPROCESSOR_DEFINITIONS = (
					"DEBUG=1",
					"$(inherited)",
				);
				GCC_WARN_64_TO_32_BIT_CONVERSION = YES;
				GCC_WARN_ABOUT_RETURN_TYPE = YES_ERROR;
				GCC_WARN_UNDECLARED_SELECTOR = YES;
				GCC_WARN_UNINITIALIZED_AUTOS = YES_AGGRESSIVE;
				GCC_WARN_UNUSED_FUNCTION = YES;
				GCC_WARN_UNUSED_VARIABLE = YES;
				IPHONEOS_DEPLOYMENT_TARGET = 12.2;
				MTL_ENABLE_DEBUG_INFO = INCLUDE_SOURCE;
				MTL_FAST_MATH = YES;
				ONLY_ACTIVE_ARCH = YES;
				OTHER_LDFLAGS = "-ObjC";
				SDKROOT = iphoneos;
				SWIFT_ACTIVE_COMPILATION_CONDITIONS = DEBUG;
				SWIFT_OPTIMIZATION_LEVEL = "-Onone";
			};
			name = Debug;
		};
		B6749C74234E8EBC00AB51A0 /* Release */ = {
			isa = XCBuildConfiguration;
			buildSettings = {
				ALWAYS_SEARCH_USER_PATHS = NO;
				CLANG_ANALYZER_NONNULL = YES;
				CLANG_ANALYZER_NUMBER_OBJECT_CONVERSION = YES_AGGRESSIVE;
				CLANG_CXX_LANGUAGE_STANDARD = "gnu++14";
				CLANG_CXX_LIBRARY = "libc++";
				CLANG_ENABLE_MODULES = YES;
				CLANG_ENABLE_OBJC_ARC = YES;
				CLANG_ENABLE_OBJC_WEAK = YES;
				CLANG_WARN_BLOCK_CAPTURE_AUTORELEASING = YES;
				CLANG_WARN_BOOL_CONVERSION = YES;
				CLANG_WARN_COMMA = YES;
				CLANG_WARN_CONSTANT_CONVERSION = YES;
				CLANG_WARN_DEPRECATED_OBJC_IMPLEMENTATIONS = YES;
				CLANG_WARN_DIRECT_OBJC_ISA_USAGE = YES_ERROR;
				CLANG_WARN_DOCUMENTATION_COMMENTS = YES;
				CLANG_WARN_EMPTY_BODY = YES;
				CLANG_WARN_ENUM_CONVERSION = YES;
				CLANG_WARN_INFINITE_RECURSION = YES;
				CLANG_WARN_INT_CONVERSION = YES;
				CLANG_WARN_NON_LITERAL_NULL_CONVERSION = YES;
				CLANG_WARN_OBJC_IMPLICIT_RETAIN_SELF = YES;
				CLANG_WARN_OBJC_LITERAL_CONVERSION = YES;
				CLANG_WARN_OBJC_ROOT_CLASS = YES_ERROR;
				CLANG_WARN_RANGE_LOOP_ANALYSIS = YES;
				CLANG_WARN_STRICT_PROTOTYPES = YES;
				CLANG_WARN_SUSPICIOUS_MOVE = YES;
				CLANG_WARN_UNGUARDED_AVAILABILITY = YES_AGGRESSIVE;
				CLANG_WARN_UNREACHABLE_CODE = YES;
				CLANG_WARN__DUPLICATE_METHOD_MATCH = YES;
				CODE_SIGN_IDENTITY = "iPhone Developer";
				COPY_PHASE_STRIP = NO;
				DEBUG_INFORMATION_FORMAT = "dwarf-with-dsym";
				ENABLE_NS_ASSERTIONS = NO;
				ENABLE_STRICT_OBJC_MSGSEND = YES;
				GCC_C_LANGUAGE_STANDARD = gnu11;
				GCC_NO_COMMON_BLOCKS = YES;
				GCC_WARN_64_TO_32_BIT_CONVERSION = YES;
				GCC_WARN_ABOUT_RETURN_TYPE = YES_ERROR;
				GCC_WARN_UNDECLARED_SELECTOR = YES;
				GCC_WARN_UNINITIALIZED_AUTOS = YES_AGGRESSIVE;
				GCC_WARN_UNUSED_FUNCTION = YES;
				GCC_WARN_UNUSED_VARIABLE = YES;
				IPHONEOS_DEPLOYMENT_TARGET = 12.2;
				MTL_ENABLE_DEBUG_INFO = NO;
				MTL_FAST_MATH = YES;
				OTHER_LDFLAGS = "-ObjC";
				SDKROOT = iphoneos;
				SWIFT_COMPILATION_MODE = wholemodule;
				SWIFT_OPTIMIZATION_LEVEL = "-O";
				VALIDATE_PRODUCT = YES;
			};
			name = Release;
		};
		B6749C76234E8EBC00AB51A0 /* Debug */ = {
			isa = XCBuildConfiguration;
			baseConfigurationReference = F128E0E64FABECFE4B9797D5 /* Pods-LoginTest.debug.xcconfig */;
			buildSettings = {
				ASSETCATALOG_COMPILER_APPICON_NAME = AppIcon;
				CODE_SIGN_STYLE = Automatic;
				INFOPLIST_FILE = LoginTest/Info.plist;
				LD_RUNPATH_SEARCH_PATHS = (
					"$(inherited)",
					"@executable_path/Frameworks",
				);
				PRODUCT_BUNDLE_IDENTIFIER = io.threedee.LoginTest;
				PRODUCT_NAME = "$(TARGET_NAME)";
				SWIFT_VERSION = 5.0;
				TARGETED_DEVICE_FAMILY = "1,2";
			};
			name = Debug;
		};
		B6749C77234E8EBC00AB51A0 /* Release */ = {
			isa = XCBuildConfiguration;
			baseConfigurationReference = A2EE00FA24BDA9CD2016D674 /* Pods-LoginTest.release.xcconfig */;
			buildSettings = {
				ASSETCATALOG_COMPILER_APPICON_NAME = AppIcon;
				CODE_SIGN_STYLE = Automatic;
				INFOPLIST_FILE = LoginTest/Info.plist;
				LD_RUNPATH_SEARCH_PATHS = (
					"$(inherited)",
					"@executable_path/Frameworks",
				);
				PRODUCT_BUNDLE_IDENTIFIER = io.threedee.LoginTest;
				PRODUCT_NAME = "$(TARGET_NAME)";
				SWIFT_VERSION = 5.0;
				TARGETED_DEVICE_FAMILY = "1,2";
			};
			name = Release;
		};
/* End XCBuildConfiguration section */

/* Begin XCConfigurationList section */
		B6749C5E234E8EB900AB51A0 /* Build configuration list for PBXProject "LoginTest" */ = {
			isa = XCConfigurationList;
			buildConfigurations = (
				B6749C73234E8EBC00AB51A0 /* Debug */,
				B6749C74234E8EBC00AB51A0 /* Release */,
			);
			defaultConfigurationIsVisible = 0;
			defaultConfigurationName = Release;
		};
		B6749C75234E8EBC00AB51A0 /* Build configuration list for PBXNativeTarget "LoginTest" */ = {
			isa = XCConfigurationList;
			buildConfigurations = (
				B6749C76234E8EBC00AB51A0 /* Debug */,
				B6749C77234E8EBC00AB51A0 /* Release */,
			);
			defaultConfigurationIsVisible = 0;
			defaultConfigurationName = Release;
		};
/* End XCConfigurationList section */
	};
	rootObject = B6749C5B234E8EB900AB51A0 /* Project object */;
}
